
Microsoft Visual Studio Solution File, Format Version 12.00
# Visual Studio Version 17
VisualStudioVersion = 17.0.31903.59
MinimumVisualStudioVersion = 10.0.40219.1
Project("{FAE04EC0-301F-11D3-BF4B-00C04F79EFBC}") = "GraphQL", "GraphQL\GraphQL.csproj", "{CDCCE72A-7A2F-4905-A4D2-A047C7C0FBED}"
EndProject
Project("{FAE04EC0-301F-11D3-BF4B-00C04F79EFBC}") = "GraphQL.WebAPI", "GraphQL.WebAPI\GraphQL.WebAPI.csproj", "{E844E518-9667-4865-B2C3-05527AD79BC2}"
EndProject
Global
	GlobalSection(SolutionConfigurationPlatforms) = preSolution
		Debug|Any CPU = Debug|Any CPU
		Release|Any CPU = Release|Any CPU
	EndGlobalSection
	GlobalSection(SolutionProperties) = preSolution
		HideSolutionNode = FALSE
	EndGlobalSection
	GlobalSection(ProjectConfigurationPlatforms) = postSolution
		{CDCCE72A-7A2F-4905-A4D2-A047C7C0FBED}.Debug|Any CPU.ActiveCfg = Debug|Any CPU
		{CDCCE72A-7A2F-4905-A4D2-A047C7C0FBED}.Debug|Any CPU.Build.0 = Debug|Any CPU
		{CDCCE72A-7A2F-4905-A4D2-A047C7C0FBED}.Release|Any CPU.ActiveCfg = Release|Any CPU
		{CDCCE72A-7A2F-4905-A4D2-A047C7C0FBED}.Release|Any CPU.Build.0 = Release|Any CPU
		{E844E518-9667-4865-B2C3-05527AD79BC2}.Debug|Any CPU.ActiveCfg = Debug|Any CPU
		{E844E518-9667-4865-B2C3-05527AD79BC2}.Debug|Any CPU.Build.0 = Debug|Any CPU
		{E844E518-9667-4865-B2C3-05527AD79BC2}.Release|Any CPU.ActiveCfg = Release|Any CPU
		{E844E518-9667-4865-B2C3-05527AD79BC2}.Release|Any CPU.Build.0 = Release|Any CPU
	EndGlobalSection
EndGlobal
